
Microsoft Visual Studio Solution File, Format Version 12.00
# Visual Studio 15
VisualStudioVersion = 15.0.28307.539
MinimumVisualStudioVersion = 10.0.40219.1
Project("{FAE04EC0-301F-11D3-BF4B-00C04F79EFBC}") = "podrecznik_rozdzial3", "podrecznik_rozdzial3\podrecznik_rozdzial3.csproj", "{3CC52D2D-82AA-49EA-8645-26E593264167}"
EndProject
Global
	GlobalSection(SolutionConfigurationPlatforms) = preSolution
		Debug|Any CPU = Debug|Any CPU
		Release|Any CPU = Release|Any CPU
	EndGlobalSection
	GlobalSection(ProjectConfigurationPlatforms) = postSolution
		{3CC52D2D-82AA-49EA-8645-26E593264167}.Debug|Any CPU.ActiveCfg = Debug|Any CPU
		{3CC52D2D-82AA-49EA-8645-26E593264167}.Debug|Any CPU.Build.0 = Debug|Any CPU
		{3CC52D2D-82AA-49EA-8645-26E593264167}.Release|Any CPU.ActiveCfg = Release|Any CPU
		{3CC52D2D-82AA-49EA-8645-26E593264167}.Release|Any CPU.Build.0 = Release|Any CPU
	EndGlobalSection
	GlobalSection(SolutionProperties) = preSolution
		HideSolutionNode = FALSE
	EndGlobalSection
	GlobalSection(ExtensibilityGlobals) = postSolution
		SolutionGuid = {6A9AB6FD-F1F7-4B73-8CA3-DDFC5CCE8718}
	EndGlobalSection
EndGlobal
